{
  "name": "angular",
  "lockfileVersion": 2,
  "requires": true,
  "packages": {
    "": {
      "dependencies": {
        "@angular/flex-layout": "^14.0.0-beta.41",
        "mat-input": "^0.0.1"
      }
    },
    "node_modules/@angular/flex-layout": {
      "version": "14.0.0-beta.41",
      "resolved": "https://registry.npmjs.org/@angular/flex-layout/-/flex-layout-14.0.0-beta.41.tgz",
      "integrity": "sha512-x1YcxqkdFlcbVXEy9ebCgW/F+7n/MXkEkwEcVEIPf5v5qn7HZsjQxgIj35Lf0amvMyF7h35prpoxO1uX5+ntFg==",
      "dependencies": {
        "tslib": "^2.3.0"
      },
      "peerDependencies": {
        "@angular/cdk": "^14.0.0",
        "@angular/common": "^14.0.0",
        "@angular/core": "^14.0.0",
        "@angular/platform-browser": "^14.0.0",
        "rxjs": "^6.5.3 || ^7.4.0"
      }
    },
    "node_modules/mat-input": {
      "version": "0.0.1",
      "resolved": "https://registry.npmjs.org/mat-input/-/mat-input-0.0.1.tgz",
      "integrity": "sha512-aGX0P56QrF1is9d/4L9CM/8YZs/wzHP+r7ol7bDg0k9v0O9UWUuEw0oWsFkkSWEMb2TJfMWq2AlOnnF5SXACVg==",
      "dependencies": {
        "tslib": "^1.9.0"
      },
      "peerDependencies": {
        "@angular/common": "^8.0.0",
        "@angular/core": "^8.0.0"
      }
    },
    "node_modules/mat-input/node_modules/tslib": {
      "version": "1.14.1",
      "resolved": "https://registry.npmjs.org/tslib/-/tslib-1.14.1.tgz",
      "integrity": "sha512-Xni35NKzjgMrwevysHTCArtLDpPvye8zV/0E4EyYn43P7/7qvQwPh9BGkHewbMulVntbigmcT7rdX3BNo9wRJg=="
    },
    "node_modules/tslib": {
      "version": "2.4.0",
      "resolved": "https://registry.npmjs.org/tslib/-/tslib-2.4.0.tgz",
      "integrity": "sha512-d6xOpEDfsi2CZVlPQzGeux8XMwLT9hssAsaPYExaQMuYskwb+x1x7J371tWlbBdWHroy99KnVB6qIkUbs5X3UQ=="
    }
  },
  "dependencies": {
    "@angular/flex-layout": {
      "version": "14.0.0-beta.41",
      "resolved": "https://registry.npmjs.org/@angular/flex-layout/-/flex-layout-14.0.0-beta.41.tgz",
      "integrity": "sha512-x1YcxqkdFlcbVXEy9ebCgW/F+7n/MXkEkwEcVEIPf5v5qn7HZsjQxgIj35Lf0amvMyF7h35prpoxO1uX5+ntFg==",
      "requires": {
        "tslib": "^2.3.0"
      }
    },
    "mat-input": {
      "version": "0.0.1",
      "resolved": "https://registry.npmjs.org/mat-input/-/mat-input-0.0.1.tgz",
      "integrity": "sha512-aGX0P56QrF1is9d/4L9CM/8YZs/wzHP+r7ol7bDg0k9v0O9UWUuEw0oWsFkkSWEMb2TJfMWq2AlOnnF5SXACVg==",
      "requires": {
        "tslib": "^1.9.0"
      },
      "dependencies": {
        "tslib": {
          "version": "1.14.1",
          "resolved": "https://registry.npmjs.org/tslib/-/tslib-1.14.1.tgz",
          "integrity": "sha512-Xni35NKzjgMrwevysHTCArtLDpPvye8zV/0E4EyYn43P7/7qvQwPh9BGkHewbMulVntbigmcT7rdX3BNo9wRJg=="
        }
      }
    },
    "tslib": {
      "version": "2.4.0",
      "resolved": "https://registry.npmjs.org/tslib/-/tslib-2.4.0.tgz",
      "integrity": "sha512-d6xOpEDfsi2CZVlPQzGeux8XMwLT9hssAsaPYExaQMuYskwb+x1x7J371tWlbBdWHroy99KnVB6qIkUbs5X3UQ=="
    }
  }
}
